
Microsoft Visual Studio Solution File, Format Version 12.00
# Visual Studio Version 17
VisualStudioVersion = 17.0.31903.59
MinimumVisualStudioVersion = 10.0.40219.1
Project("{FAE04EC0-301F-11D3-BF4B-00C04F79EFBC}") = "FinanceTracker.API", "FinanceTracker.API\FinanceTracker.API.csproj", "{191D42BD-01FD-4996-92CE-B7D2B9349246}"
EndProject
Project("{FAE04EC0-301F-11D3-BF4B-00C04F79EFBC}") = "FinanceTracker.DTOs", "FinanceTracker.DTOs\FinanceTracker.DTOs.csproj", "{8C5E2E73-D41A-40A9-A6BB-666A10AAAAC7}"
EndProject
Project("{FAE04EC0-301F-11D3-BF4B-00C04F79EFBC}") = "FinanceTracker.Handlers", "FinanceTracker.Handlers\FinanceTracker.Handlers.csproj", "{00E59E3A-8EE7-43C3-8269-7E5F8796893E}"
EndProject
Project("{FAE04EC0-301F-11D3-BF4B-00C04F79EFBC}") = "FinanceTracker.Repoisitories", "FinanceTracker.Repoisitories\FinanceTracker.Repoisitories.csproj", "{DE3CB840-AC58-4C45-860C-6FFC693C443E}"
EndProject
Global
	GlobalSection(SolutionConfigurationPlatforms) = preSolution
		Debug|Any CPU = Debug|Any CPU
		Release|Any CPU = Release|Any CPU
	EndGlobalSection
	GlobalSection(SolutionProperties) = preSolution
		HideSolutionNode = FALSE
	EndGlobalSection
	GlobalSection(ProjectConfigurationPlatforms) = postSolution
		{191D42BD-01FD-4996-92CE-B7D2B9349246}.Debug|Any CPU.ActiveCfg = Debug|Any CPU
		{191D42BD-01FD-4996-92CE-B7D2B9349246}.Debug|Any CPU.Build.0 = Debug|Any CPU
		{191D42BD-01FD-4996-92CE-B7D2B9349246}.Release|Any CPU.ActiveCfg = Release|Any CPU
		{191D42BD-01FD-4996-92CE-B7D2B9349246}.Release|Any CPU.Build.0 = Release|Any CPU
		{8C5E2E73-D41A-40A9-A6BB-666A10AAAAC7}.Debug|Any CPU.ActiveCfg = Debug|Any CPU
		{8C5E2E73-D41A-40A9-A6BB-666A10AAAAC7}.Debug|Any CPU.Build.0 = Debug|Any CPU
		{8C5E2E73-D41A-40A9-A6BB-666A10AAAAC7}.Release|Any CPU.ActiveCfg = Release|Any CPU
		{8C5E2E73-D41A-40A9-A6BB-666A10AAAAC7}.Release|Any CPU.Build.0 = Release|Any CPU
		{00E59E3A-8EE7-43C3-8269-7E5F8796893E}.Debug|Any CPU.ActiveCfg = Debug|Any CPU
		{00E59E3A-8EE7-43C3-8269-7E5F8796893E}.Debug|Any CPU.Build.0 = Debug|Any CPU
		{00E59E3A-8EE7-43C3-8269-7E5F8796893E}.Release|Any CPU.ActiveCfg = Release|Any CPU
		{00E59E3A-8EE7-43C3-8269-7E5F8796893E}.Release|Any CPU.Build.0 = Release|Any CPU
		{DE3CB840-AC58-4C45-860C-6FFC693C443E}.Debug|Any CPU.ActiveCfg = Debug|Any CPU
		{DE3CB840-AC58-4C45-860C-6FFC693C443E}.Debug|Any CPU.Build.0 = Debug|Any CPU
		{DE3CB840-AC58-4C45-860C-6FFC693C443E}.Release|Any CPU.ActiveCfg = Release|Any CPU
		{DE3CB840-AC58-4C45-860C-6FFC693C443E}.Release|Any CPU.Build.0 = Release|Any CPU
	EndGlobalSection
EndGlobal
